// !$*UTF8*$!
{
	archiveVersion = 1;
	classes = {
	};
	objectVersion = 46;
	objects = {

/* Begin PBXBuildFile section */
		DD2D41CE1A45C80D00BA94C8 /* VXURLMediaDetector.m in Sources */ = {isa = PBXBuildFile; fileRef = DD2D41CD1A45C80D00BA94C8 /* VXURLMediaDetector.m */; };
		DD2D41D11A45D48E00BA94C8 /* VXLoadingWindow.m in Sources */ = {isa = PBXBuildFile; fileRef = DD2D41D01A45D48E00BA94C8 /* VXLoadingWindow.m */; };
		DD359D381A40798000895C55 /* aiff.icns in Resources */ = {isa = PBXBuildFile; fileRef = DD359D241A40798000895C55 /* aiff.icns */; };
		DD359D391A40798000895C55 /* audio.icns in Resources */ = {isa = PBXBuildFile; fileRef = DD359D251A40798000895C55 /* audio.icns */; };
		DD359D3A1A40798000895C55 /* avi.icns in Resources */ = {isa = PBXBuildFile; fileRef = DD359D261A40798000895C55 /* avi.icns */; };
		DD359D3B1A40798000895C55 /* flv.icns in Resources */ = {isa = PBXBuildFile; fileRef = DD359D271A40798000895C55 /* flv.icns */; };
		DD359D3C1A40798000895C55 /* generic.icns in Resources */ = {isa = PBXBuildFile; fileRef = DD359D281A40798000895C55 /* generic.icns */; };
		DD359D3D1A40798000895C55 /* m4a.icns in Resources */ = {isa = PBXBuildFile; fileRef = DD359D291A40798000895C55 /* m4a.icns */; };
		DD359D3E1A40798000895C55 /* m4v.icns in Resources */ = {isa = PBXBuildFile; fileRef = DD359D2A1A40798000895C55 /* m4v.icns */; };
		DD359D3F1A40798000895C55 /* mkv.icns in Resources */ = {isa = PBXBuildFile; fileRef = DD359D2B1A40798000895C55 /* mkv.icns */; };
		DD359D401A40798000895C55 /* mov.icns in Resources */ = {isa = PBXBuildFile; fileRef = DD359D2C1A40798000895C55 /* mov.icns */; };
		DD359D411A40798000895C55 /* movie.icns in Resources */ = {isa = PBXBuildFile; fileRef = DD359D2D1A40798000895C55 /* movie.icns */; };
		DD359D421A40798000895C55 /* mp3.icns in Resources */ = {isa = PBXBuildFile; fileRef = DD359D2E1A40798000895C55 /* mp3.icns */; };
		DD359D431A40798000895C55 /* mpeg.icns in Resources */ = {isa = PBXBuildFile; fileRef = DD359D2F1A40798000895C55 /* mpeg.icns */; };
		DD359D441A40798000895C55 /* ogg.icns in Resources */ = {isa = PBXBuildFile; fileRef = DD359D301A40798000895C55 /* ogg.icns */; };
		DD359D451A40798000895C55 /* playlist.icns in Resources */ = {isa = PBXBuildFile; fileRef = DD359D311A40798000895C55 /* playlist.icns */; };
		DD359D461A40798000895C55 /* rm.icns in Resources */ = {isa = PBXBuildFile; fileRef = DD359D321A40798000895C55 /* rm.icns */; };
		DD359D471A40798000895C55 /* subtitle.icns in Resources */ = {isa = PBXBuildFile; fileRef = DD359D331A40798000895C55 /* subtitle.icns */; };
		DD359D481A40798000895C55 /* vob.icns in Resources */ = {isa = PBXBuildFile; fileRef = DD359D341A40798000895C55 /* vob.icns */; };
		DD359D491A40798000895C55 /* wav.icns in Resources */ = {isa = PBXBuildFile; fileRef = DD359D351A40798000895C55 /* wav.icns */; };
		DD359D4A1A40798000895C55 /* wma.icns in Resources */ = {isa = PBXBuildFile; fileRef = DD359D361A40798000895C55 /* wma.icns */; };
		DD359D4B1A40798000895C55 /* wmv.icns in Resources */ = {isa = PBXBuildFile; fileRef = DD359D371A40798000895C55 /* wmv.icns */; };
		DD359D501A4086E700895C55 /* VXPlaybackController.m in Sources */ = {isa = PBXBuildFile; fileRef = DD359D4F1A4086E700895C55 /* VXPlaybackController.m */; };
		DD5302CD1A4208A000B49BD8 /* VXAudioDocument.m in Sources */ = {isa = PBXBuildFile; fileRef = DD5302CB1A4208A000B49BD8 /* VXAudioDocument.m */; };
		DD5302CE1A4208A000B49BD8 /* VXAudioDocument.xib in Resources */ = {isa = PBXBuildFile; fileRef = DD5302CC1A4208A000B49BD8 /* VXAudioDocument.xib */; };
		DD5302D11A420BD800B49BD8 /* VXMediaDocument.m in Sources */ = {isa = PBXBuildFile; fileRef = DD5302D01A420BD800B49BD8 /* VXMediaDocument.m */; };
		DD5302D41A420DFF00B49BD8 /* VXAudioPlayerWindow.m in Sources */ = {isa = PBXBuildFile; fileRef = DD5302D31A420DFF00B49BD8 /* VXAudioPlayerWindow.m */; };
		DD5874201A42843D000C6677 /* NSDocumentController+VLCXAdditions.m in Sources */ = {isa = PBXBuildFile; fileRef = DD58741F1A42843D000C6677 /* NSDocumentController+VLCXAdditions.m */; };
		DD6478E21A44A4AB004E6FF5 /* Sparkle.framework in Frameworks */ = {isa = PBXBuildFile; fileRef = DD6478E11A44A4AB004E6FF5 /* Sparkle.framework */; };
		DD6478E31A44A5D3004E6FF5 /* Sparkle.framework in Embed Frameworks */ = {isa = PBXBuildFile; fileRef = DD6478E11A44A4AB004E6FF5 /* Sparkle.framework */; settings = {ATTRIBUTES = (CodeSignOnCopy, RemoveHeadersOnCopy, ); }; };
		DDA6E3CB1A4765A7001AF52E /* VXPlaylistDocument.m in Sources */ = {isa = PBXBuildFile; fileRef = DDA6E3C91A4765A7001AF52E /* VXPlaylistDocument.m */; };
		DDA6E3CC1A4765A7001AF52E /* VXPlaylistDocument.xib in Resources */ = {isa = PBXBuildFile; fileRef = DDA6E3CA1A4765A7001AF52E /* VXPlaylistDocument.xib */; };
		DDBA4BA41A41BF810019926C /* VXMenuController.m in Sources */ = {isa = PBXBuildFile; fileRef = DDBA4BA31A41BF810019926C /* VXMenuController.m */; };
		DDD9257B1A3F699B00575E13 /* AppDelegate.m in Sources */ = {isa = PBXBuildFile; fileRef = DDD9257A1A3F699B00575E13 /* AppDelegate.m */; };
		DDD9257D1A3F699B00575E13 /* main.m in Sources */ = {isa = PBXBuildFile; fileRef = DDD9257C1A3F699B00575E13 /* main.m */; };
		DDD925801A3F699B00575E13 /* VXVideoDocument.m in Sources */ = {isa = PBXBuildFile; fileRef = DDD9257F1A3F699B00575E13 /* VXVideoDocument.m */; };
		DDD925831A3F699B00575E13 /* VXVideoDocument.xib in Resources */ = {isa = PBXBuildFile; fileRef = DDD925811A3F699B00575E13 /* VXVideoDocument.xib */; };
		DDD925851A3F699B00575E13 /* Images.xcassets in Resources */ = {isa = PBXBuildFile; fileRef = DDD925841A3F699B00575E13 /* Images.xcassets */; };
		DDD925881A3F699B00575E13 /* MainMenu.xib in Resources */ = {isa = PBXBuildFile; fileRef = DDD925861A3F699B00575E13 /* MainMenu.xib */; };
		DDD9259E1A3F69C200575E13 /* VLCKit.framework in Frameworks */ = {isa = PBXBuildFile; fileRef = DDD9259D1A3F69C200575E13 /* VLCKit.framework */; };
		DDD9259F1A3F69C200575E13 /* VLCKit.framework in Embed Frameworks */ = {isa = PBXBuildFile; fileRef = DDD9259D1A3F69C200575E13 /* VLCKit.framework */; settings = {ATTRIBUTES = (CodeSignOnCopy, RemoveHeadersOnCopy, ); }; };
		DDD925A41A3F6B9400575E13 /* VXPlayerWindow.m in Sources */ = {isa = PBXBuildFile; fileRef = DDD925A31A3F6B9400575E13 /* VXPlayerWindow.m */; };
		DDD925BA1A3F85D100575E13 /* VXWindowDragView.m in Sources */ = {isa = PBXBuildFile; fileRef = DDD925B91A3F85D100575E13 /* VXWindowDragView.m */; };
		DDD925BD1A3F88EE00575E13 /* VXControllerView.m in Sources */ = {isa = PBXBuildFile; fileRef = DDD925BC1A3F88EE00575E13 /* VXControllerView.m */; };
		DDE85C621A48E7F6002D313D /* VXPlaylist.m in Sources */ = {isa = PBXBuildFile; fileRef = DDE85C5E1A48E7F6002D313D /* VXPlaylist.m */; };
		DDE85C631A48E7F6002D313D /* VXPlaylistItem.m in Sources */ = {isa = PBXBuildFile; fileRef = DDE85C601A48E7F6002D313D /* VXPlaylistItem.m */; };
		DDE85C751A48EBA1002D313D /* M3UParser.plparser in Copy Playlist Plugins */ = {isa = PBXBuildFile; fileRef = DDE85C6B1A48EAB9002D313D /* M3UParser.plparser */; settings = {ATTRIBUTES = (CodeSignOnCopy, RemoveHeadersOnCopy, ); }; };
		DDE85C7B1A48ED14002D313D /* VXPlaylistParser.m in Sources */ = {isa = PBXBuildFile; fileRef = DDE85C7A1A48ED14002D313D /* VXPlaylistParser.m */; };
		DDE85C7C1A48ED4B002D313D /* M3UParser.m in Sources */ = {isa = PBXBuildFile; fileRef = DDE85C771A48EBE4002D313D /* M3UParser.m */; };
		DDE85CBF1A48FA42002D313D /* VLCXParser.m in Sources */ = {isa = PBXBuildFile; fileRef = DDE85CBE1A48FA42002D313D /* VLCXParser.m */; };
		DDE85CC21A48FB82002D313D /* VLCXParser.plparser in Copy Playlist Plugins */ = {isa = PBXBuildFile; fileRef = DDE85CB51A48F9DC002D313D /* VLCXParser.plparser */; settings = {ATTRIBUTES = (CodeSignOnCopy, RemoveHeadersOnCopy, ); }; };
		DDECDD231A41E5C2002CAAA8 /* VXTimeSliderCell.m in Sources */ = {isa = PBXBuildFile; fileRef = DDECDD221A41E5C2002CAAA8 /* VXTimeSliderCell.m */; };
		DDFE8ED91A444D1A00AD312E /* VXAdjustmentSliderCell.m in Sources */ = {isa = PBXBuildFile; fileRef = DDFE8ED81A444D1A00AD312E /* VXAdjustmentSliderCell.m */; };
		DDFE8EDC1A44524C00AD312E /* VXVideoAdjustmentsController.m in Sources */ = {isa = PBXBuildFile; fileRef = DDFE8EDB1A44524C00AD312E /* VXVideoAdjustmentsController.m */; };
		DDFE8EDF1A445FD100AD312E /* Crashlytics.framework in Frameworks */ = {isa = PBXBuildFile; fileRef = DDFE8EDE1A445FD100AD312E /* Crashlytics.framework */; };
/* End PBXBuildFile section */

/* Begin PBXContainerItemProxy section */
		DDE85C7D1A48ED59002D313D /* PBXContainerItemProxy */ = {
			isa = PBXContainerItemProxy;
			containerPortal = DDD9256C1A3F699B00575E13 /* Project object */;
			proxyType = 1;
			remoteGlobalIDString = DDE85C6A1A48EAB9002D313D;
			remoteInfo = M3UParser;
		};
		DDE85CC01A48FB76002D313D /* PBXContainerItemProxy */ = {
			isa = PBXContainerItemProxy;
			containerPortal = DDD9256C1A3F699B00575E13 /* Project object */;
			proxyType = 1;
			remoteGlobalIDString = DDE85CB41A48F9DC002D313D;
			remoteInfo = VLCXParser;
		};
/* End PBXContainerItemProxy section */

/* Begin PBXCopyFilesBuildPhase section */
		DDD925A01A3F69C200575E13 /* Embed Frameworks */ = {
			isa = PBXCopyFilesBuildPhase;
			buildActionMask = 2147483647;
			dstPath = "";
			dstSubfolderSpec = 10;
			files = (
				DDD9259F1A3F69C200575E13 /* VLCKit.framework in Embed Frameworks */,
				DD6478E31A44A5D3004E6FF5 /* Sparkle.framework in Embed Frameworks */,
			);
			name = "Embed Frameworks";
			runOnlyForDeploymentPostprocessing = 0;
		};
		DDE85C741A48EB91002D313D /* Copy Playlist Plugins */ = {
			isa = PBXCopyFilesBuildPhase;
			buildActionMask = 2147483647;
			dstPath = "";
			dstSubfolderSpec = 13;
			files = (
				DDE85C751A48EBA1002D313D /* M3UParser.plparser in Copy Playlist Plugins */,
				DDE85CC21A48FB82002D313D /* VLCXParser.plparser in Copy Playlist Plugins */,
			);
			name = "Copy Playlist Plugins";
			runOnlyForDeploymentPostprocessing = 0;
		};
/* End PBXCopyFilesBuildPhase section */

/* Begin PBXFileReference section */
		DD2D41CC1A45C80D00BA94C8 /* VXURLMediaDetector.h */ = {isa = PBXFileReference; fileEncoding = 4; lastKnownFileType = sourcecode.c.h; path = VXURLMediaDetector.h; sourceTree = "<group>"; };
		DD2D41CD1A45C80D00BA94C8 /* VXURLMediaDetector.m */ = {isa = PBXFileReference; fileEncoding = 4; lastKnownFileType = sourcecode.c.objc; path = VXURLMediaDetector.m; sourceTree = "<group>"; };
		DD2D41CF1A45D48E00BA94C8 /* VXLoadingWindow.h */ = {isa = PBXFileReference; fileEncoding = 4; lastKnownFileType = sourcecode.c.h; path = VXLoadingWindow.h; sourceTree = "<group>"; };
		DD2D41D01A45D48E00BA94C8 /* VXLoadingWindow.m */ = {isa = PBXFileReference; fileEncoding = 4; lastKnownFileType = sourcecode.c.objc; path = VXLoadingWindow.m; sourceTree = "<group>"; };
		DD359D241A40798000895C55 /* aiff.icns */ = {isa = PBXFileReference; lastKnownFileType = image.icns; name = aiff.icns; path = "Design/deploy/File icons/aiff.icns"; sourceTree = SOURCE_ROOT; };
		DD359D251A40798000895C55 /* audio.icns */ = {isa = PBXFileReference; lastKnownFileType = image.icns; name = audio.icns; path = "Design/deploy/File icons/audio.icns"; sourceTree = SOURCE_ROOT; };
		DD359D261A40798000895C55 /* avi.icns */ = {isa = PBXFileReference; lastKnownFileType = image.icns; name = avi.icns; path = "Design/deploy/File icons/avi.icns"; sourceTree = SOURCE_ROOT; };
		DD359D271A40798000895C55 /* flv.icns */ = {isa = PBXFileReference; lastKnownFileType = image.icns; name = flv.icns; path = "Design/deploy/File icons/flv.icns"; sourceTree = SOURCE_ROOT; };
		DD359D281A40798000895C55 /* generic.icns */ = {isa = PBXFileReference; lastKnownFileType = image.icns; name = generic.icns; path = "Design/deploy/File icons/generic.icns"; sourceTree = SOURCE_ROOT; };
		DD359D291A40798000895C55 /* m4a.icns */ = {isa = PBXFileReference; lastKnownFileType = image.icns; name = m4a.icns; path = "Design/deploy/File icons/m4a.icns"; sourceTree = SOURCE_ROOT; };
		DD359D2A1A40798000895C55 /* m4v.icns */ = {isa = PBXFileReference; lastKnownFileType = image.icns; name = m4v.icns; path = "Design/deploy/File icons/m4v.icns"; sourceTree = SOURCE_ROOT; };
		DD359D2B1A40798000895C55 /* mkv.icns */ = {isa = PBXFileReference; lastKnownFileType = image.icns; name = mkv.icns; path = "Design/deploy/File icons/mkv.icns"; sourceTree = SOURCE_ROOT; };
		DD359D2C1A40798000895C55 /* mov.icns */ = {isa = PBXFileReference; lastKnownFileType = image.icns; name = mov.icns; path = "Design/deploy/File icons/mov.icns"; sourceTree = SOURCE_ROOT; };
		DD359D2D1A40798000895C55 /* movie.icns */ = {isa = PBXFileReference; lastKnownFileType = image.icns; name = movie.icns; path = "Design/deploy/File icons/movie.icns"; sourceTree = SOURCE_ROOT; };
		DD359D2E1A40798000895C55 /* mp3.icns */ = {isa = PBXFileReference; lastKnownFileType = image.icns; name = mp3.icns; path = "Design/deploy/File icons/mp3.icns"; sourceTree = SOURCE_ROOT; };
		DD359D2F1A40798000895C55 /* mpeg.icns */ = {isa = PBXFileReference; lastKnownFileType = image.icns; name = mpeg.icns; path = "Design/deploy/File icons/mpeg.icns"; sourceTree = SOURCE_ROOT; };
		DD359D301A40798000895C55 /* ogg.icns */ = {isa = PBXFileReference; lastKnownFileType = image.icns; name = ogg.icns; path = "Design/deploy/File icons/ogg.icns"; sourceTree = SOURCE_ROOT; };
		DD359D311A40798000895C55 /* playlist.icns */ = {isa = PBXFileReference; lastKnownFileType = image.icns; name = playlist.icns; path = "Design/deploy/File icons/playlist.icns"; sourceTree = SOURCE_ROOT; };
		DD359D321A40798000895C55 /* rm.icns */ = {isa = PBXFileReference; lastKnownFileType = image.icns; name = rm.icns; path = "Design/deploy/File icons/rm.icns"; sourceTree = SOURCE_ROOT; };
		DD359D331A40798000895C55 /* subtitle.icns */ = {isa = PBXFileReference; lastKnownFileType = image.icns; name = subtitle.icns; path = "Design/deploy/File icons/subtitle.icns"; sourceTree = SOURCE_ROOT; };
		DD359D341A40798000895C55 /* vob.icns */ = {isa = PBXFileReference; lastKnownFileType = image.icns; name = vob.icns; path = "Design/deploy/File icons/vob.icns"; sourceTree = SOURCE_ROOT; };
		DD359D351A40798000895C55 /* wav.icns */ = {isa = PBXFileReference; lastKnownFileType = image.icns; name = wav.icns; path = "Design/deploy/File icons/wav.icns"; sourceTree = SOURCE_ROOT; };
		DD359D361A40798000895C55 /* wma.icns */ = {isa = PBXFileReference; lastKnownFileType = image.icns; name = wma.icns; path = "Design/deploy/File icons/wma.icns"; sourceTree = SOURCE_ROOT; };
		DD359D371A40798000895C55 /* wmv.icns */ = {isa = PBXFileReference; lastKnownFileType = image.icns; name = wmv.icns; path = "Design/deploy/File icons/wmv.icns"; sourceTree = SOURCE_ROOT; };
		DD359D4E1A4086E700895C55 /* VXPlaybackController.h */ = {isa = PBXFileReference; fileEncoding = 4; lastKnownFileType = sourcecode.c.h; path = VXPlaybackController.h; sourceTree = "<group>"; };
		DD359D4F1A4086E700895C55 /* VXPlaybackController.m */ = {isa = PBXFileReference; fileEncoding = 4; lastKnownFileType = sourcecode.c.objc; path = VXPlaybackController.m; sourceTree = "<group>"; };
		DD5302CA1A4208A000B49BD8 /* VXAudioDocument.h */ = {isa = PBXFileReference; fileEncoding = 4; lastKnownFileType = sourcecode.c.h; path = VXAudioDocument.h; sourceTree = "<group>"; };
		DD5302CB1A4208A000B49BD8 /* VXAudioDocument.m */ = {isa = PBXFileReference; fileEncoding = 4; lastKnownFileType = sourcecode.c.objc; path = VXAudioDocument.m; sourceTree = "<group>"; };
		DD5302CC1A4208A000B49BD8 /* VXAudioDocument.xib */ = {isa = PBXFileReference; fileEncoding = 4; lastKnownFileType = file.xib; path = VXAudioDocument.xib; sourceTree = "<group>"; };
		DD5302CF1A420BD800B49BD8 /* VXMediaDocument.h */ = {isa = PBXFileReference; fileEncoding = 4; lastKnownFileType = sourcecode.c.h; path = VXMediaDocument.h; sourceTree = "<group>"; };
		DD5302D01A420BD800B49BD8 /* VXMediaDocument.m */ = {isa = PBXFileReference; fileEncoding = 4; lastKnownFileType = sourcecode.c.objc; path = VXMediaDocument.m; sourceTree = "<group>"; };
		DD5302D21A420DFF00B49BD8 /* VXAudioPlayerWindow.h */ = {isa = PBXFileReference; fileEncoding = 4; lastKnownFileType = sourcecode.c.h; path = VXAudioPlayerWindow.h; sourceTree = "<group>"; };
		DD5302D31A420DFF00B49BD8 /* VXAudioPlayerWindow.m */ = {isa = PBXFileReference; fileEncoding = 4; lastKnownFileType = sourcecode.c.objc; path = VXAudioPlayerWindow.m; sourceTree = "<group>"; };
		DD58741E1A42843D000C6677 /* NSDocumentController+VLCXAdditions.h */ = {isa = PBXFileReference; fileEncoding = 4; lastKnownFileType = sourcecode.c.h; path = "NSDocumentController+VLCXAdditions.h"; sourceTree = "<group>"; };
		DD58741F1A42843D000C6677 /* NSDocumentController+VLCXAdditions.m */ = {isa = PBXFileReference; fileEncoding = 4; lastKnownFileType = sourcecode.c.objc; path = "NSDocumentController+VLCXAdditions.m"; sourceTree = "<group>"; };
		DD6478E11A44A4AB004E6FF5 /* Sparkle.framework */ = {isa = PBXFileReference; lastKnownFileType = wrapper.framework; path = Sparkle.framework; sourceTree = "<group>"; };
		DDA6E3C81A4765A7001AF52E /* VXPlaylistDocument.h */ = {isa = PBXFileReference; fileEncoding = 4; lastKnownFileType = sourcecode.c.h; path = VXPlaylistDocument.h; sourceTree = "<group>"; };
		DDA6E3C91A4765A7001AF52E /* VXPlaylistDocument.m */ = {isa = PBXFileReference; fileEncoding = 4; lastKnownFileType = sourcecode.c.objc; path = VXPlaylistDocument.m; sourceTree = "<group>"; };
		DDA6E3CA1A4765A7001AF52E /* VXPlaylistDocument.xib */ = {isa = PBXFileReference; fileEncoding = 4; lastKnownFileType = file.xib; path = VXPlaylistDocument.xib; sourceTree = "<group>"; };
		DDBA4BA21A41BF810019926C /* VXMenuController.h */ = {isa = PBXFileReference; fileEncoding = 4; lastKnownFileType = sourcecode.c.h; path = VXMenuController.h; sourceTree = "<group>"; };
		DDBA4BA31A41BF810019926C /* VXMenuController.m */ = {isa = PBXFileReference; fileEncoding = 4; lastKnownFileType = sourcecode.c.objc; path = VXMenuController.m; sourceTree = "<group>"; };
		DDD925741A3F699B00575E13 /* VLCX.app */ = {isa = PBXFileReference; explicitFileType = wrapper.application; includeInIndex = 0; path = VLCX.app; sourceTree = BUILT_PRODUCTS_DIR; };
		DDD925781A3F699B00575E13 /* Info.plist */ = {isa = PBXFileReference; lastKnownFileType = text.plist.xml; path = Info.plist; sourceTree = "<group>"; };
		DDD925791A3F699B00575E13 /* AppDelegate.h */ = {isa = PBXFileReference; lastKnownFileType = sourcecode.c.h; path = AppDelegate.h; sourceTree = "<group>"; };
		DDD9257A1A3F699B00575E13 /* AppDelegate.m */ = {isa = PBXFileReference; lastKnownFileType = sourcecode.c.objc; path = AppDelegate.m; sourceTree = "<group>"; };
		DDD9257C1A3F699B00575E13 /* main.m */ = {isa = PBXFileReference; lastKnownFileType = sourcecode.c.objc; path = main.m; sourceTree = "<group>"; };
		DDD9257E1A3F699B00575E13 /* VXVideoDocument.h */ = {isa = PBXFileReference; lastKnownFileType = sourcecode.c.h; path = VXVideoDocument.h; sourceTree = "<group>"; };
		DDD9257F1A3F699B00575E13 /* VXVideoDocument.m */ = {isa = PBXFileReference; lastKnownFileType = sourcecode.c.objc; path = VXVideoDocument.m; sourceTree = "<group>"; };
		DDD925821A3F699B00575E13 /* Base */ = {isa = PBXFileReference; lastKnownFileType = file.xib; name = Base; path = Base.lproj/VXVideoDocument.xib; sourceTree = "<group>"; };
		DDD925841A3F699B00575E13 /* Images.xcassets */ = {isa = PBXFileReference; lastKnownFileType = folder.assetcatalog; path = Images.xcassets; sourceTree = "<group>"; };
		DDD925871A3F699B00575E13 /* Base */ = {isa = PBXFileReference; lastKnownFileType = file.xib; name = Base; path = Base.lproj/MainMenu.xib; sourceTree = "<group>"; };
		DDD9259D1A3F69C200575E13 /* VLCKit.framework */ = {isa = PBXFileReference; lastKnownFileType = wrapper.framework; path = VLCKit.framework; sourceTree = "<group>"; };
		DDD925A21A3F6B9400575E13 /* VXPlayerWindow.h */ = {isa = PBXFileReference; fileEncoding = 4; lastKnownFileType = sourcecode.c.h; path = VXPlayerWindow.h; sourceTree = "<group>"; };
		DDD925A31A3F6B9400575E13 /* VXPlayerWindow.m */ = {isa = PBXFileReference; fileEncoding = 4; lastKnownFileType = sourcecode.c.objc; path = VXPlayerWindow.m; sourceTree = "<group>"; };
		DDD925B81A3F85D100575E13 /* VXWindowDragView.h */ = {isa = PBXFileReference; fileEncoding = 4; lastKnownFileType = sourcecode.c.h; path = VXWindowDragView.h; sourceTree = "<group>"; };
		DDD925B91A3F85D100575E13 /* VXWindowDragView.m */ = {isa = PBXFileReference; fileEncoding = 4; lastKnownFileType = sourcecode.c.objc; path = VXWindowDragView.m; sourceTree = "<group>"; };
		DDD925BB1A3F88EE00575E13 /* VXControllerView.h */ = {isa = PBXFileReference; fileEncoding = 4; lastKnownFileType = sourcecode.c.h; path = VXControllerView.h; sourceTree = "<group>"; };
		DDD925BC1A3F88EE00575E13 /* VXControllerView.m */ = {isa = PBXFileReference; fileEncoding = 4; lastKnownFileType = sourcecode.c.objc; path = VXControllerView.m; sourceTree = "<group>"; };
		DDE85C5D1A48E7F6002D313D /* VXPlaylist.h */ = {isa = PBXFileReference; fileEncoding = 4; lastKnownFileType = sourcecode.c.h; path = VXPlaylist.h; sourceTree = "<group>"; };
		DDE85C5E1A48E7F6002D313D /* VXPlaylist.m */ = {isa = PBXFileReference; fileEncoding = 4; lastKnownFileType = sourcecode.c.objc; path = VXPlaylist.m; sourceTree = "<group>"; };
		DDE85C5F1A48E7F6002D313D /* VXPlaylistItem.h */ = {isa = PBXFileReference; fileEncoding = 4; lastKnownFileType = sourcecode.c.h; path = VXPlaylistItem.h; sourceTree = "<group>"; };
		DDE85C601A48E7F6002D313D /* VXPlaylistItem.m */ = {isa = PBXFileReference; fileEncoding = 4; lastKnownFileType = sourcecode.c.objc; path = VXPlaylistItem.m; sourceTree = "<group>"; };
		DDE85C651A48E997002D313D /* VXPlaylistPlugin.h */ = {isa = PBXFileReference; lastKnownFileType = sourcecode.c.h; path = VXPlaylistPlugin.h; sourceTree = "<group>"; };
		DDE85C6B1A48EAB9002D313D /* M3UParser.plparser */ = {isa = PBXFileReference; explicitFileType = wrapper.cfbundle; includeInIndex = 0; path = M3UParser.plparser; sourceTree = BUILT_PRODUCTS_DIR; };
		DDE85C721A48EAE6002D313D /* Info.plist */ = {isa = PBXFileReference; fileEncoding = 4; lastKnownFileType = text.plist.xml; name = Info.plist; path = "VLCX/Playlist Parsers/M3UParser/Info.plist"; sourceTree = SOURCE_ROOT; };
		DDE85C761A48EBE4002D313D /* M3UParser.h */ = {isa = PBXFileReference; fileEncoding = 4; lastKnownFileType = sourcecode.c.h; name = M3UParser.h; path = "VLCX/Playlist Parsers/M3UParser/M3UParser.h"; sourceTree = SOURCE_ROOT; };
		DDE85C771A48EBE4002D313D /* M3UParser.m */ = {isa = PBXFileReference; fileEncoding = 4; lastKnownFileType = sourcecode.c.objc; name = M3UParser.m; path = "VLCX/Playlist Parsers/M3UParser/M3UParser.m"; sourceTree = SOURCE_ROOT; };
		DDE85C791A48ED14002D313D /* VXPlaylistParser.h */ = {isa = PBXFileReference; fileEncoding = 4; lastKnownFileType = sourcecode.c.h; path = VXPlaylistParser.h; sourceTree = "<group>"; };
		DDE85C7A1A48ED14002D313D /* VXPlaylistParser.m */ = {isa = PBXFileReference; fileEncoding = 4; lastKnownFileType = sourcecode.c.objc; path = VXPlaylistParser.m; sourceTree = "<group>"; };
		DDE85CB51A48F9DC002D313D /* VLCXParser.plparser */ = {isa = PBXFileReference; explicitFileType = wrapper.cfbundle; includeInIndex = 0; path = VLCXParser.plparser; sourceTree = BUILT_PRODUCTS_DIR; };
		DDE85CBC1A48FA01002D313D /* Info.plist */ = {isa = PBXFileReference; lastKnownFileType = text.plist.xml; name = Info.plist; path = "VLCX/Playlist Parsers/VLCXParser/Info.plist"; sourceTree = SOURCE_ROOT; };
		DDE85CBD1A48FA42002D313D /* VLCXParser.h */ = {isa = PBXFileReference; fileEncoding = 4; lastKnownFileType = sourcecode.c.h; name = VLCXParser.h; path = "VLCX/Playlist Parsers/VLCXParser/VLCXParser.h"; sourceTree = SOURCE_ROOT; };
		DDE85CBE1A48FA42002D313D /* VLCXParser.m */ = {isa = PBXFileReference; fileEncoding = 4; lastKnownFileType = sourcecode.c.objc; name = VLCXParser.m; path = "VLCX/Playlist Parsers/VLCXParser/VLCXParser.m"; sourceTree = SOURCE_ROOT; };
		DDECDD211A41E5C2002CAAA8 /* VXTimeSliderCell.h */ = {isa = PBXFileReference; fileEncoding = 4; lastKnownFileType = sourcecode.c.h; path = VXTimeSliderCell.h; sourceTree = "<group>"; };
		DDECDD221A41E5C2002CAAA8 /* VXTimeSliderCell.m */ = {isa = PBXFileReference; fileEncoding = 4; lastKnownFileType = sourcecode.c.objc; path = VXTimeSliderCell.m; sourceTree = "<group>"; };
		DDFE8ED71A444D1A00AD312E /* VXAdjustmentSliderCell.h */ = {isa = PBXFileReference; fileEncoding = 4; lastKnownFileType = sourcecode.c.h; path = VXAdjustmentSliderCell.h; sourceTree = "<group>"; };
		DDFE8ED81A444D1A00AD312E /* VXAdjustmentSliderCell.m */ = {isa = PBXFileReference; fileEncoding = 4; lastKnownFileType = sourcecode.c.objc; path = VXAdjustmentSliderCell.m; sourceTree = "<group>"; };
		DDFE8EDA1A44524C00AD312E /* VXVideoAdjustmentsController.h */ = {isa = PBXFileReference; fileEncoding = 4; lastKnownFileType = sourcecode.c.h; path = VXVideoAdjustmentsController.h; sourceTree = "<group>"; };
		DDFE8EDB1A44524C00AD312E /* VXVideoAdjustmentsController.m */ = {isa = PBXFileReference; fileEncoding = 4; lastKnownFileType = sourcecode.c.objc; path = VXVideoAdjustmentsController.m; sourceTree = "<group>"; };
		DDFE8EDE1A445FD100AD312E /* Crashlytics.framework */ = {isa = PBXFileReference; lastKnownFileType = wrapper.framework; path = Crashlytics.framework; sourceTree = "<group>"; };
		DDFE8EE01A44606A00AD312E /* Config.h */ = {isa = PBXFileReference; lastKnownFileType = sourcecode.c.h; path = Config.h; sourceTree = "<group>"; };
/* End PBXFileReference section */

/* Begin PBXFrameworksBuildPhase section */
		DDD925711A3F699B00575E13 /* Frameworks */ = {
			isa = PBXFrameworksBuildPhase;
			buildActionMask = 2147483647;
			files = (
				DDFE8EDF1A445FD100AD312E /* Crashlytics.framework in Frameworks */,
				DD6478E21A44A4AB004E6FF5 /* Sparkle.framework in Frameworks */,
				DDD9259E1A3F69C200575E13 /* VLCKit.framework in Frameworks */,
			);
			runOnlyForDeploymentPostprocessing = 0;
		};
		DDE85C681A48EAB9002D313D /* Frameworks */ = {
			isa = PBXFrameworksBuildPhase;
			buildActionMask = 2147483647;
			files = (
			);
			runOnlyForDeploymentPostprocessing = 0;
		};
		DDE85CB21A48F9DC002D313D /* Frameworks */ = {
			isa = PBXFrameworksBuildPhase;
			buildActionMask = 2147483647;
			files = (
			);
			runOnlyForDeploymentPostprocessing = 0;
		};
/* End PBXFrameworksBuildPhase section */

/* Begin PBXGroup section */
		DD2D41C81A45C7D400BA94C8 /* Helpers */ = {
			isa = PBXGroup;
			children = (
				DD2D41CC1A45C80D00BA94C8 /* VXURLMediaDetector.h */,
				DD2D41CD1A45C80D00BA94C8 /* VXURLMediaDetector.m */,
			);
			path = Helpers;
			sourceTree = "<group>";
		};
		DD359D231A40795000895C55 /* File Icons */ = {
			isa = PBXGroup;
			children = (
				DD359D241A40798000895C55 /* aiff.icns */,
				DD359D251A40798000895C55 /* audio.icns */,
				DD359D261A40798000895C55 /* avi.icns */,
				DD359D271A40798000895C55 /* flv.icns */,
				DD359D281A40798000895C55 /* generic.icns */,
				DD359D291A40798000895C55 /* m4a.icns */,
				DD359D2A1A40798000895C55 /* m4v.icns */,
				DD359D2B1A40798000895C55 /* mkv.icns */,
				DD359D2C1A40798000895C55 /* mov.icns */,
				DD359D2D1A40798000895C55 /* movie.icns */,
				DD359D2E1A40798000895C55 /* mp3.icns */,
				DD359D2F1A40798000895C55 /* mpeg.icns */,
				DD359D301A40798000895C55 /* ogg.icns */,
				DD359D311A40798000895C55 /* playlist.icns */,
				DD359D321A40798000895C55 /* rm.icns */,
				DD359D331A40798000895C55 /* subtitle.icns */,
				DD359D341A40798000895C55 /* vob.icns */,
				DD359D351A40798000895C55 /* wav.icns */,
				DD359D361A40798000895C55 /* wma.icns */,
				DD359D371A40798000895C55 /* wmv.icns */,
			);
			name = "File Icons";
			sourceTree = "<group>";
		};
		DD359D4C1A40823600895C55 /* Controllers */ = {
			isa = PBXGroup;
			children = (
				DD5302D51A42116600B49BD8 /* Document Types */,
				DD359D4E1A4086E700895C55 /* VXPlaybackController.h */,
				DD359D4F1A4086E700895C55 /* VXPlaybackController.m */,
				DDBA4BA21A41BF810019926C /* VXMenuController.h */,
				DDBA4BA31A41BF810019926C /* VXMenuController.m */,
				DDFE8EDA1A44524C00AD312E /* VXVideoAdjustmentsController.h */,
				DDFE8EDB1A44524C00AD312E /* VXVideoAdjustmentsController.m */,
			);
			path = Controllers;
			sourceTree = "<group>";
		};
		DD5302D51A42116600B49BD8 /* Document Types */ = {
			isa = PBXGroup;
			children = (
				DD5302CA1A4208A000B49BD8 /* VXAudioDocument.h */,
				DD5302CB1A4208A000B49BD8 /* VXAudioDocument.m */,
				DD5302CC1A4208A000B49BD8 /* VXAudioDocument.xib */,
				DD5302CF1A420BD800B49BD8 /* VXMediaDocument.h */,
				DD5302D01A420BD800B49BD8 /* VXMediaDocument.m */,
				DDD9257E1A3F699B00575E13 /* VXVideoDocument.h */,
				DDD9257F1A3F699B00575E13 /* VXVideoDocument.m */,
				DDD925811A3F699B00575E13 /* VXVideoDocument.xib */,
				DDA6E3C81A4765A7001AF52E /* VXPlaylistDocument.h */,
				DDA6E3C91A4765A7001AF52E /* VXPlaylistDocument.m */,
				DDA6E3CA1A4765A7001AF52E /* VXPlaylistDocument.xib */,
			);
			name = "Document Types";
			sourceTree = "<group>";
		};
		DD58741D1A4283D6000C6677 /* Categories */ = {
			isa = PBXGroup;
			children = (
				DD58741E1A42843D000C6677 /* NSDocumentController+VLCXAdditions.h */,
				DD58741F1A42843D000C6677 /* NSDocumentController+VLCXAdditions.m */,
			);
			path = Categories;
			sourceTree = "<group>";
		};
		DDD9256B1A3F699B00575E13 = {
			isa = PBXGroup;
			children = (
				DD6478E11A44A4AB004E6FF5 /* Sparkle.framework */,
				DDFE8EDE1A445FD100AD312E /* Crashlytics.framework */,
				DDD9259D1A3F69C200575E13 /* VLCKit.framework */,
				DDD925761A3F699B00575E13 /* VLCX */,
				DDD925751A3F699B00575E13 /* Products */,
			);
			sourceTree = "<group>";
		};
		DDD925751A3F699B00575E13 /* Products */ = {
			isa = PBXGroup;
			children = (
				DDD925741A3F699B00575E13 /* VLCX.app */,
				DDE85C6B1A48EAB9002D313D /* M3UParser.plparser */,
				DDE85CB51A48F9DC002D313D /* VLCXParser.plparser */,
			);
			name = Products;
			sourceTree = "<group>";
		};
		DDD925761A3F699B00575E13 /* VLCX */ = {
			isa = PBXGroup;
			children = (
				DDE85C661A48EA57002D313D /* Playlist Parsers */,
				DDE85C5A1A48E6FA002D313D /* Models */,
				DD2D41C81A45C7D400BA94C8 /* Helpers */,
				DD58741D1A4283D6000C6677 /* Categories */,
				DD359D4C1A40823600895C55 /* Controllers */,
				DDD925A11A3F6B7500575E13 /* Interface */,
				DDD925791A3F699B00575E13 /* AppDelegate.h */,
				DDD9257A1A3F699B00575E13 /* AppDelegate.m */,
				DDD925841A3F699B00575E13 /* Images.xcassets */,
				DDD925861A3F699B00575E13 /* MainMenu.xib */,
				DDD925771A3F699B00575E13 /* Supporting Files */,
				DDFE8EE01A44606A00AD312E /* Config.h */,
			);
			path = VLCX;
			sourceTree = "<group>";
		};
		DDD925771A3F699B00575E13 /* Supporting Files */ = {
			isa = PBXGroup;
			children = (
				DD359D231A40795000895C55 /* File Icons */,
				DDD925781A3F699B00575E13 /* Info.plist */,
				DDD9257C1A3F699B00575E13 /* main.m */,
			);
			name = "Supporting Files";
			sourceTree = "<group>";
		};
		DDD925A11A3F6B7500575E13 /* Interface */ = {
			isa = PBXGroup;
			children = (
				DDD925A21A3F6B9400575E13 /* VXPlayerWindow.h */,
				DDD925A31A3F6B9400575E13 /* VXPlayerWindow.m */,
				DDD925B81A3F85D100575E13 /* VXWindowDragView.h */,
				DDD925B91A3F85D100575E13 /* VXWindowDragView.m */,
				DDD925BB1A3F88EE00575E13 /* VXControllerView.h */,
				DDD925BC1A3F88EE00575E13 /* VXControllerView.m */,
				DDECDD211A41E5C2002CAAA8 /* VXTimeSliderCell.h */,
				DDECDD221A41E5C2002CAAA8 /* VXTimeSliderCell.m */,
				DD5302D21A420DFF00B49BD8 /* VXAudioPlayerWindow.h */,
				DD5302D31A420DFF00B49BD8 /* VXAudioPlayerWindow.m */,
				DDFE8ED71A444D1A00AD312E /* VXAdjustmentSliderCell.h */,
				DDFE8ED81A444D1A00AD312E /* VXAdjustmentSliderCell.m */,
				DD2D41CF1A45D48E00BA94C8 /* VXLoadingWindow.h */,
				DD2D41D01A45D48E00BA94C8 /* VXLoadingWindow.m */,
			);
			path = Interface;
			sourceTree = "<group>";
		};
		DDE85C5A1A48E6FA002D313D /* Models */ = {
			isa = PBXGroup;
			children = (
				DDE85C641A48E96F002D313D /* PlugIn Support */,
				DDE85C5D1A48E7F6002D313D /* VXPlaylist.h */,
				DDE85C5E1A48E7F6002D313D /* VXPlaylist.m */,
				DDE85C5F1A48E7F6002D313D /* VXPlaylistItem.h */,
				DDE85C601A48E7F6002D313D /* VXPlaylistItem.m */,
			);
			path = Models;
			sourceTree = "<group>";
		};
		DDE85C641A48E96F002D313D /* PlugIn Support */ = {
			isa = PBXGroup;
			children = (
				DDE85C651A48E997002D313D /* VXPlaylistPlugin.h */,
				DDE85C791A48ED14002D313D /* VXPlaylistParser.h */,
				DDE85C7A1A48ED14002D313D /* VXPlaylistParser.m */,
			);
			name = "PlugIn Support";
			sourceTree = "<group>";
		};
		DDE85C661A48EA57002D313D /* Playlist Parsers */ = {
			isa = PBXGroup;
			children = (
				DDE85CB61A48F9DC002D313D /* VLCXParser */,
				DDE85C6C1A48EAB9002D313D /* M3UParser */,
			);
			path = "Playlist Parsers";
			sourceTree = "<group>";
		};
		DDE85C6C1A48EAB9002D313D /* M3UParser */ = {
			isa = PBXGroup;
			children = (
				DDE85C6D1A48EAB9002D313D /* Supporting Files */,
				DDE85C761A48EBE4002D313D /* M3UParser.h */,
				DDE85C771A48EBE4002D313D /* M3UParser.m */,
			);
			name = M3UParser;
			path = ../../M3UParser;
			sourceTree = "<group>";
		};
		DDE85C6D1A48EAB9002D313D /* Supporting Files */ = {
			isa = PBXGroup;
			children = (
				DDE85C721A48EAE6002D313D /* Info.plist */,
			);
			name = "Supporting Files";
			sourceTree = "<group>";
		};
		DDE85CB61A48F9DC002D313D /* VLCXParser */ = {
			isa = PBXGroup;
			children = (
				DDE85CB71A48F9DC002D313D /* Supporting Files */,
				DDE85CBD1A48FA42002D313D /* VLCXParser.h */,
				DDE85CBE1A48FA42002D313D /* VLCXParser.m */,
			);
			name = VLCXParser;
			path = ../../VLCXParser;
			sourceTree = "<group>";
		};
		DDE85CB71A48F9DC002D313D /* Supporting Files */ = {
			isa = PBXGroup;
			children = (
				DDE85CBC1A48FA01002D313D /* Info.plist */,
			);
			name = "Supporting Files";
			sourceTree = "<group>";
		};
/* End PBXGroup section */

/* Begin PBXNativeTarget section */
		DDD925731A3F699B00575E13 /* VLCX */ = {
			isa = PBXNativeTarget;
			buildConfigurationList = DDD925971A3F699B00575E13 /* Build configuration list for PBXNativeTarget "VLCX" */;
			buildPhases = (
				DDD925701A3F699B00575E13 /* Sources */,
				DDD925711A3F699B00575E13 /* Frameworks */,
				DD359D4D1A40835A00895C55 /* Set build number */,
				DDD925721A3F699B00575E13 /* Resources */,
				DDE85C741A48EB91002D313D /* Copy Playlist Plugins */,
				DDD925A01A3F69C200575E13 /* Embed Frameworks */,
				DDFE8EDD1A445F7600AD312E /* Crashlytics */,
			);
			buildRules = (
			);
			dependencies = (
				DDE85C7E1A48ED59002D313D /* PBXTargetDependency */,
				DDE85CC11A48FB76002D313D /* PBXTargetDependency */,
			);
			name = VLCX;
			productName = VLCX;
			productReference = DDD925741A3F699B00575E13 /* VLCX.app */;
			productType = "com.apple.product-type.application";
		};
		DDE85C6A1A48EAB9002D313D /* M3UParser */ = {
			isa = PBXNativeTarget;
			buildConfigurationList = DDE85C6F1A48EAB9002D313D /* Build configuration list for PBXNativeTarget "M3UParser" */;
			buildPhases = (
				DDE85C671A48EAB9002D313D /* Sources */,
				DDE85C681A48EAB9002D313D /* Frameworks */,
				DDE85C691A48EAB9002D313D /* Resources */,
			);
			buildRules = (
			);
			dependencies = (
			);
			name = M3UParser;
			productName = M3UParser;
			productReference = DDE85C6B1A48EAB9002D313D /* M3UParser.plparser */;
			productType = "com.apple.product-type.bundle";
		};
		DDE85CB41A48F9DC002D313D /* VLCXParser */ = {
			isa = PBXNativeTarget;
			buildConfigurationList = DDE85CB91A48F9DC002D313D /* Build configuration list for PBXNativeTarget "VLCXParser" */;
			buildPhases = (
				DDE85CB11A48F9DC002D313D /* Sources */,
				DDE85CB21A48F9DC002D313D /* Frameworks */,
				DDE85CB31A48F9DC002D313D /* Resources */,
			);
			buildRules = (
			);
			dependencies = (
			);
			name = VLCXParser;
			productName = VLCXParser;
			productReference = DDE85CB51A48F9DC002D313D /* VLCXParser.plparser */;
			productType = "com.apple.product-type.bundle";
		};
/* End PBXNativeTarget section */

/* Begin PBXProject section */
		DDD9256C1A3F699B00575E13 /* Project object */ = {
			isa = PBXProject;
			attributes = {
				LastUpgradeCheck = 0610;
				ORGANIZATIONNAME = "Guilherme Rambo";
				TargetAttributes = {
					DDD925731A3F699B00575E13 = {
						CreatedOnToolsVersion = 6.1.1;
						DevelopmentTeam = 8C7439RJLG;
					};
					DDE85C6A1A48EAB9002D313D = {
						CreatedOnToolsVersion = 6.1.1;
					};
					DDE85CB41A48F9DC002D313D = {
						CreatedOnToolsVersion = 6.1.1;
					};
				};
			};
			buildConfigurationList = DDD9256F1A3F699B00575E13 /* Build configuration list for PBXProject "VLCX" */;
			compatibilityVersion = "Xcode 3.2";
			developmentRegion = English;
			hasScannedForEncodings = 0;
			knownRegions = (
				en,
				Base,
			);
			mainGroup = DDD9256B1A3F699B00575E13;
			productRefGroup = DDD925751A3F699B00575E13 /* Products */;
			projectDirPath = "";
			projectRoot = "";
			targets = (
				DDD925731A3F699B00575E13 /* VLCX */,
				DDE85C6A1A48EAB9002D313D /* M3UParser */,
				DDE85CB41A48F9DC002D313D /* VLCXParser */,
			);
		};
/* End PBXProject section */

/* Begin PBXResourcesBuildPhase section */
		DDD925721A3F699B00575E13 /* Resources */ = {
			isa = PBXResourcesBuildPhase;
			buildActionMask = 2147483647;
			files = (
				DD359D4A1A40798000895C55 /* wma.icns in Resources */,
				DD359D441A40798000895C55 /* ogg.icns in Resources */,
				DD359D3E1A40798000895C55 /* m4v.icns in Resources */,
				DD5302CE1A4208A000B49BD8 /* VXAudioDocument.xib in Resources */,
				DD359D491A40798000895C55 /* wav.icns in Resources */,
				DDD925831A3F699B00575E13 /* VXVideoDocument.xib in Resources */,
				DD359D431A40798000895C55 /* mpeg.icns in Resources */,
				DD359D3B1A40798000895C55 /* flv.icns in Resources */,
				DD359D411A40798000895C55 /* movie.icns in Resources */,
				DD359D471A40798000895C55 /* subtitle.icns in Resources */,
				DDD925851A3F699B00575E13 /* Images.xcassets in Resources */,
				DD359D391A40798000895C55 /* audio.icns in Resources */,
				DD359D401A40798000895C55 /* mov.icns in Resources */,
				DD359D481A40798000895C55 /* vob.icns in Resources */,
				DD359D3C1A40798000895C55 /* generic.icns in Resources */,
				DD359D3D1A40798000895C55 /* m4a.icns in Resources */,
				DDA6E3CC1A4765A7001AF52E /* VXPlaylistDocument.xib in Resources */,
				DD359D4B1A40798000895C55 /* wmv.icns in Resources */,
				DD359D451A40798000895C55 /* playlist.icns in Resources */,
				DD359D381A40798000895C55 /* aiff.icns in Resources */,
				DDD925881A3F699B00575E13 /* MainMenu.xib in Resources */,
				DD359D3F1A40798000895C55 /* mkv.icns in Resources */,
				DD359D461A40798000895C55 /* rm.icns in Resources */,
				DD359D3A1A40798000895C55 /* avi.icns in Resources */,
				DD359D421A40798000895C55 /* mp3.icns in Resources */,
			);
			runOnlyForDeploymentPostprocessing = 0;
		};
		DDE85C691A48EAB9002D313D /* Resources */ = {
			isa = PBXResourcesBuildPhase;
			buildActionMask = 2147483647;
			files = (
			);
			runOnlyForDeploymentPostprocessing = 0;
		};
		DDE85CB31A48F9DC002D313D /* Resources */ = {
			isa = PBXResourcesBuildPhase;
			buildActionMask = 2147483647;
			files = (
			);
			runOnlyForDeploymentPostprocessing = 0;
		};
/* End PBXResourcesBuildPhase section */

/* Begin PBXShellScriptBuildPhase section */
		DD359D4D1A40835A00895C55 /* Set build number */ = {
			isa = PBXShellScriptBuildPhase;
			buildActionMask = 2147483647;
			files = (
			);
			inputPaths = (
			);
			name = "Set build number";
			outputPaths = (
			);
			runOnlyForDeploymentPostprocessing = 0;
			shellPath = /bin/sh;
			shellScript = "buildNumber=$(/usr/libexec/PlistBuddy -c \"Print VXActualBundleVersion\" \"${PROJECT_DIR}/${INFOPLIST_FILE}\")\nbuildNumber=$(($buildNumber + 1))\nformattedDate=$(/bin/date +\"%y%m%d\")\nbundleVersion=\"$formattedDate$buildNumber\"\n/usr/libexec/PlistBuddy -c \"Set :VXActualBundleVersion $buildNumber\" \"${PROJECT_DIR}/${INFOPLIST_FILE}\"\n/usr/libexec/PlistBuddy -c \"Set :CFBundleVersion $bundleVersion\" \"${PROJECT_DIR}/${INFOPLIST_FILE}\"";
		};
		DDFE8EDD1A445F7600AD312E /* Crashlytics */ = {
			isa = PBXShellScriptBuildPhase;
			buildActionMask = 2147483647;
			files = (
			);
			inputPaths = (
			);
			name = Crashlytics;
			outputPaths = (
			);
			runOnlyForDeploymentPostprocessing = 0;
			shellPath = /bin/sh;
			shellScript = "./Crashlytics.framework/run 69b44b9b0e1f177a7fb1b6199e9a040897e9dfc0 22ecca766b464658a34a8526d5dad0b7a255f04ed7c47ac02769feb213488d25";
		};
/* End PBXShellScriptBuildPhase section */

/* Begin PBXSourcesBuildPhase section */
		DDD925701A3F699B00575E13 /* Sources */ = {
			isa = PBXSourcesBuildPhase;
			buildActionMask = 2147483647;
			files = (
				DD5874201A42843D000C6677 /* NSDocumentController+VLCXAdditions.m in Sources */,
				DD5302D11A420BD800B49BD8 /* VXMediaDocument.m in Sources */,
				DDA6E3CB1A4765A7001AF52E /* VXPlaylistDocument.m in Sources */,
				DDD925801A3F699B00575E13 /* VXVideoDocument.m in Sources */,
				DDE85C7B1A48ED14002D313D /* VXPlaylistParser.m in Sources */,
				DDD925BA1A3F85D100575E13 /* VXWindowDragView.m in Sources */,
				DDD925BD1A3F88EE00575E13 /* VXControllerView.m in Sources */,
				DDD9257D1A3F699B00575E13 /* main.m in Sources */,
				DDECDD231A41E5C2002CAAA8 /* VXTimeSliderCell.m in Sources */,
				DDBA4BA41A41BF810019926C /* VXMenuController.m in Sources */,
				DDD925A41A3F6B9400575E13 /* VXPlayerWindow.m in Sources */,
				DD2D41D11A45D48E00BA94C8 /* VXLoadingWindow.m in Sources */,
				DDFE8ED91A444D1A00AD312E /* VXAdjustmentSliderCell.m in Sources */,
				DD2D41CE1A45C80D00BA94C8 /* VXURLMediaDetector.m in Sources */,
				DDFE8EDC1A44524C00AD312E /* VXVideoAdjustmentsController.m in Sources */,
				DD359D501A4086E700895C55 /* VXPlaybackController.m in Sources */,
				DDE85C631A48E7F6002D313D /* VXPlaylistItem.m in Sources */,
				DD5302D41A420DFF00B49BD8 /* VXAudioPlayerWindow.m in Sources */,
				DDD9257B1A3F699B00575E13 /* AppDelegate.m in Sources */,
				DD5302CD1A4208A000B49BD8 /* VXAudioDocument.m in Sources */,
				DDE85C621A48E7F6002D313D /* VXPlaylist.m in Sources */,
			);
			runOnlyForDeploymentPostprocessing = 0;
		};
		DDE85C671A48EAB9002D313D /* Sources */ = {
			isa = PBXSourcesBuildPhase;
			buildActionMask = 2147483647;
			files = (
				DDE85C7C1A48ED4B002D313D /* M3UParser.m in Sources */,
			);
			runOnlyForDeploymentPostprocessing = 0;
		};
		DDE85CB11A48F9DC002D313D /* Sources */ = {
			isa = PBXSourcesBuildPhase;
			buildActionMask = 2147483647;
			files = (
				DDE85CBF1A48FA42002D313D /* VLCXParser.m in Sources */,
			);
			runOnlyForDeploymentPostprocessing = 0;
		};
/* End PBXSourcesBuildPhase section */

/* Begin PBXTargetDependency section */
		DDE85C7E1A48ED59002D313D /* PBXTargetDependency */ = {
			isa = PBXTargetDependency;
			target = DDE85C6A1A48EAB9002D313D /* M3UParser */;
			targetProxy = DDE85C7D1A48ED59002D313D /* PBXContainerItemProxy */;
		};
		DDE85CC11A48FB76002D313D /* PBXTargetDependency */ = {
			isa = PBXTargetDependency;
			target = DDE85CB41A48F9DC002D313D /* VLCXParser */;
			targetProxy = DDE85CC01A48FB76002D313D /* PBXContainerItemProxy */;
		};
/* End PBXTargetDependency section */

/* Begin PBXVariantGroup section */
		DDD925811A3F699B00575E13 /* VXVideoDocument.xib */ = {
			isa = PBXVariantGroup;
			children = (
				DDD925821A3F699B00575E13 /* Base */,
			);
			name = VXVideoDocument.xib;
			path = ..;
			sourceTree = "<group>";
		};
		DDD925861A3F699B00575E13 /* MainMenu.xib */ = {
			isa = PBXVariantGroup;
			children = (
				DDD925871A3F699B00575E13 /* Base */,
			);
			name = MainMenu.xib;
			sourceTree = "<group>";
		};
/* End PBXVariantGroup section */

/* Begin XCBuildConfiguration section */
		DDD925951A3F699B00575E13 /* Debug */ = {
			isa = XCBuildConfiguration;
			buildSettings = {
				ALWAYS_SEARCH_USER_PATHS = NO;
				CLANG_CXX_LANGUAGE_STANDARD = "gnu++0x";
				CLANG_CXX_LIBRARY = "libc++";
				CLANG_ENABLE_MODULES = YES;
				CLANG_ENABLE_OBJC_ARC = YES;
				CLANG_WARN_BOOL_CONVERSION = YES;
				CLANG_WARN_CONSTANT_CONVERSION = YES;
				CLANG_WARN_DIRECT_OBJC_ISA_USAGE = YES_ERROR;
				CLANG_WARN_EMPTY_BODY = YES;
				CLANG_WARN_ENUM_CONVERSION = YES;
				CLANG_WARN_INT_CONVERSION = YES;
				CLANG_WARN_OBJC_ROOT_CLASS = YES_ERROR;
				CLANG_WARN_UNREACHABLE_CODE = YES;
				CLANG_WARN__DUPLICATE_METHOD_MATCH = YES;
				CODE_SIGN_IDENTITY = "-";
				COPY_PHASE_STRIP = NO;
				ENABLE_STRICT_OBJC_MSGSEND = YES;
				GCC_C_LANGUAGE_STANDARD = gnu99;
				GCC_DYNAMIC_NO_PIC = NO;
				GCC_OPTIMIZATION_LEVEL = 0;
				GCC_PREPROCESSOR_DEFINITIONS = (
					"DEBUG=1",
					"$(inherited)",
				);
				GCC_SYMBOLS_PRIVATE_EXTERN = NO;
				GCC_WARN_64_TO_32_BIT_CONVERSION = YES;
				GCC_WARN_ABOUT_RETURN_TYPE = YES_ERROR;
				GCC_WARN_UNDECLARED_SELECTOR = YES;
				GCC_WARN_UNINITIALIZED_AUTOS = YES_AGGRESSIVE;
				GCC_WARN_UNUSED_FUNCTION = YES;
				GCC_WARN_UNUSED_VARIABLE = YES;
				MACOSX_DEPLOYMENT_TARGET = 10.10;
				MTL_ENABLE_DEBUG_INFO = YES;
				ONLY_ACTIVE_ARCH = YES;
				SDKROOT = macosx;
			};
			name = Debug;
		};
		DDD925961A3F699B00575E13 /* Release */ = {
			isa = XCBuildConfiguration;
			buildSettings = {
				ALWAYS_SEARCH_USER_PATHS = NO;
				CLANG_CXX_LANGUAGE_STANDARD = "gnu++0x";
				CLANG_CXX_LIBRARY = "libc++";
				CLANG_ENABLE_MODULES = YES;
				CLANG_ENABLE_OBJC_ARC = YES;
				CLANG_WARN_BOOL_CONVERSION = YES;
				CLANG_WARN_CONSTANT_CONVERSION = YES;
				CLANG_WARN_DIRECT_OBJC_ISA_USAGE = YES_ERROR;
				CLANG_WARN_EMPTY_BODY = YES;
				CLANG_WARN_ENUM_CONVERSION = YES;
				CLANG_WARN_INT_CONVERSION = YES;
				CLANG_WARN_OBJC_ROOT_CLASS = YES_ERROR;
				CLANG_WARN_UNREACHABLE_CODE = YES;
				CLANG_WARN__DUPLICATE_METHOD_MATCH = YES;
				CODE_SIGN_IDENTITY = "-";
				COPY_PHASE_STRIP = YES;
				DEBUG_INFORMATION_FORMAT = "dwarf-with-dsym";
				ENABLE_NS_ASSERTIONS = NO;
				ENABLE_STRICT_OBJC_MSGSEND = YES;
				GCC_C_LANGUAGE_STANDARD = gnu99;
				GCC_WARN_64_TO_32_BIT_CONVERSION = YES;
				GCC_WARN_ABOUT_RETURN_TYPE = YES_ERROR;
				GCC_WARN_UNDECLARED_SELECTOR = YES;
				GCC_WARN_UNINITIALIZED_AUTOS = YES_AGGRESSIVE;
				GCC_WARN_UNUSED_FUNCTION = YES;
				GCC_WARN_UNUSED_VARIABLE = YES;
				MACOSX_DEPLOYMENT_TARGET = 10.10;
				MTL_ENABLE_DEBUG_INFO = NO;
				SDKROOT = macosx;
			};
			name = Release;
		};
		DDD925981A3F699B00575E13 /* Debug */ = {
			isa = XCBuildConfiguration;
			buildSettings = {
				ASSETCATALOG_COMPILER_APPICON_NAME = AppIcon;
				CODE_SIGN_IDENTITY = "Developer ID Application";
				COMBINE_HIDPI_IMAGES = YES;
				DEBUG_INFORMATION_FORMAT = "dwarf-with-dsym";
				FRAMEWORK_SEARCH_PATHS = (
					"$(inherited)",
					"$(PROJECT_DIR)",
				);
				INFOPLIST_FILE = VLCX/Info.plist;
				LD_RUNPATH_SEARCH_PATHS = "$(inherited) @executable_path/../Frameworks";
				PRODUCT_NAME = "$(TARGET_NAME)";
			};
			name = Debug;
		};
		DDD925991A3F699B00575E13 /* Release */ = {
			isa = XCBuildConfiguration;
			buildSettings = {
				ASSETCATALOG_COMPILER_APPICON_NAME = AppIcon;
				CODE_SIGN_IDENTITY = "Developer ID Application";
				COMBINE_HIDPI_IMAGES = YES;
				FRAMEWORK_SEARCH_PATHS = (
					"$(inherited)",
					"$(PROJECT_DIR)",
				);
				INFOPLIST_FILE = VLCX/Info.plist;
				LD_RUNPATH_SEARCH_PATHS = "$(inherited) @executable_path/../Frameworks";
				PRODUCT_NAME = "$(TARGET_NAME)";
			};
			name = Release;
		};
		DDE85C701A48EAB9002D313D /* Debug */ = {
			isa = XCBuildConfiguration;
			buildSettings = {
				COMBINE_HIDPI_IMAGES = YES;
				GCC_PREPROCESSOR_DEFINITIONS = (
					"DEBUG=1",
					"$(inherited)",
				);
				INFOPLIST_FILE = "VLCX/Playlist Parsers/M3UParser/Info.plist";
				INSTALL_PATH = "$(LOCAL_LIBRARY_DIR)/Bundles";
				PRODUCT_NAME = "$(TARGET_NAME)";
				SKIP_INSTALL = YES;
				WRAPPER_EXTENSION = plparser;
			};
			name = Debug;
		};
		DDE85C711A48EAB9002D313D /* Release */ = {
			isa = XCBuildConfiguration;
			buildSettings = {
				COMBINE_HIDPI_IMAGES = YES;
				INFOPLIST_FILE = "VLCX/Playlist Parsers/M3UParser/Info.plist";
				INSTALL_PATH = "$(LOCAL_LIBRARY_DIR)/Bundles";
				PRODUCT_NAME = "$(TARGET_NAME)";
				SKIP_INSTALL = YES;
				WRAPPER_EXTENSION = plparser;
			};
			name = Release;
		};
		DDE85CBA1A48F9DC002D313D /* Debug */ = {
			isa = XCBuildConfiguration;
			buildSettings = {
				COMBINE_HIDPI_IMAGES = YES;
				GCC_PREPROCESSOR_DEFINITIONS = (
					"DEBUG=1",
					"$(inherited)",
				);
				INFOPLIST_FILE = "VLCX/Playlist Parsers/VLCXParser/Info.plist";
				INSTALL_PATH = "$(LOCAL_LIBRARY_DIR)/Bundles";
				PRODUCT_NAME = "$(TARGET_NAME)";
				SKIP_INSTALL = YES;
				WRAPPER_EXTENSION = plparser;
			};
			name = Debug;
		};
		DDE85CBB1A48F9DC002D313D /* Release */ = {
			isa = XCBuildConfiguration;
			buildSettings = {
				COMBINE_HIDPI_IMAGES = YES;
				INFOPLIST_FILE = "VLCX/Playlist Parsers/VLCXParser/Info.plist";
				INSTALL_PATH = "$(LOCAL_LIBRARY_DIR)/Bundles";
				PRODUCT_NAME = "$(TARGET_NAME)";
				SKIP_INSTALL = YES;
				WRAPPER_EXTENSION = plparser;
			};
			name = Release;
		};
/* End XCBuildConfiguration section */

/* Begin XCConfigurationList section */
		DDD9256F1A3F699B00575E13 /* Build configuration list for PBXProject "VLCX" */ = {
			isa = XCConfigurationList;
			buildConfigurations = (
				DDD925951A3F699B00575E13 /* Debug */,
				DDD925961A3F699B00575E13 /* Release */,
			);
			defaultConfigurationIsVisible = 0;
			defaultConfigurationName = Release;
		};
		DDD925971A3F699B00575E13 /* Build configuration list for PBXNativeTarget "VLCX" */ = {
			isa = XCConfigurationList;
			buildConfigurations = (
				DDD925981A3F699B00575E13 /* Debug */,
				DDD925991A3F699B00575E13 /* Release */,
			);
			defaultConfigurationIsVisible = 0;
			defaultConfigurationName = Release;
		};
		DDE85C6F1A48EAB9002D313D /* Build configuration list for PBXNativeTarget "M3UParser" */ = {
			isa = XCConfigurationList;
			buildConfigurations = (
				DDE85C701A48EAB9002D313D /* Debug */,
				DDE85C711A48EAB9002D313D /* Release */,
			);
			defaultConfigurationIsVisible = 0;
		};
		DDE85CB91A48F9DC002D313D /* Build configuration list for PBXNativeTarget "VLCXParser" */ = {
			isa = XCConfigurationList;
			buildConfigurations = (
				DDE85CBA1A48F9DC002D313D /* Debug */,
				DDE85CBB1A48F9DC002D313D /* Release */,
			);
			defaultConfigurationIsVisible = 0;
		};
/* End XCConfigurationList section */
	};
	rootObject = DDD9256C1A3F699B00575E13 /* Project object */;
}
